// !$*UTF8*$!
{
	archiveVersion = 1;
	classes = {
	};
	objectVersion = 46;
	objects = {

/* Begin PBXBuildFile section */
		55B542E84BADA3911DEB9F42 /* libPods-snake_pchUITests.a in Frameworks */ = {isa = PBXBuildFile; fileRef = 8FA8B6B38807ABCAA926C4F4 /* libPods-snake_pchUITests.a */; };
		633BB6552A911CE5B4BED70B /* libPods-snake_pch.a in Frameworks */ = {isa = PBXBuildFile; fileRef = FED9B058F85F74EDA657F15C /* libPods-snake_pch.a */; };
		74C1225E1E8E84A800F1A032 /* main.m in Sources */ = {isa = PBXBuildFile; fileRef = 74C1225D1E8E84A800F1A032 /* main.m */; };
		74C122611E8E84A800F1A032 /* AppDelegate.m in Sources */ = {isa = PBXBuildFile; fileRef = 74C122601E8E84A800F1A032 /* AppDelegate.m */; };
		74C122671E8E84A800F1A032 /* Main.storyboard in Resources */ = {isa = PBXBuildFile; fileRef = 74C122651E8E84A800F1A032 /* Main.storyboard */; };
		74C122691E8E84A800F1A032 /* Assets.xcassets in Resources */ = {isa = PBXBuildFile; fileRef = 74C122681E8E84A800F1A032 /* Assets.xcassets */; };
		74C1226C1E8E84A800F1A032 /* LaunchScreen.storyboard in Resources */ = {isa = PBXBuildFile; fileRef = 74C1226A1E8E84A800F1A032 /* LaunchScreen.storyboard */; };
		74C122771E8E84A800F1A032 /* snake_pchTests.m in Sources */ = {isa = PBXBuildFile; fileRef = 74C122761E8E84A800F1A032 /* snake_pchTests.m */; };
		74C122821E8E84A800F1A032 /* snake_pchUITests.m in Sources */ = {isa = PBXBuildFile; fileRef = 74C122811E8E84A800F1A032 /* snake_pchUITests.m */; };
		74C1229C1E8E84E900F1A032 /* ViewController.m in Sources */ = {isa = PBXBuildFile; fileRef = 74C122911E8E84E900F1A032 /* ViewController.m */; };
		74C1229D1E8E84E900F1A032 /* GameConfig.m in Sources */ = {isa = PBXBuildFile; fileRef = 74C122941E8E84E900F1A032 /* GameConfig.m */; };
		74C1229E1E8E84E900F1A032 /* Snake.m in Sources */ = {isa = PBXBuildFile; fileRef = 74C122961E8E84E900F1A032 /* Snake.m */; };
		74C1229F1E8E84E900F1A032 /* ZXPoint.m in Sources */ = {isa = PBXBuildFile; fileRef = 74C122981E8E84E900F1A032 /* ZXPoint.m */; };
		74C122A01E8E84E900F1A032 /* GamaPool.m in Sources */ = {isa = PBXBuildFile; fileRef = 74C1229B1E8E84E900F1A032 /* GamaPool.m */; };
		74D719E31E9E4866000D29A5 /* GameStartView.m in Sources */ = {isa = PBXBuildFile; fileRef = 74D719E21E9E4866000D29A5 /* GameStartView.m */; };
		99FB142C461C11CAA5B228EB /* libPods-snake_pchTests.a in Frameworks */ = {isa = PBXBuildFile; fileRef = 0E8830C8EE4777FB2F04DA19 /* libPods-snake_pchTests.a */; };
/* End PBXBuildFile section */

/* Begin PBXContainerItemProxy section */
		74C122731E8E84A800F1A032 /* PBXContainerItemProxy */ = {
			isa = PBXContainerItemProxy;
			containerPortal = 74C122511E8E84A800F1A032 /* Project object */;
			proxyType = 1;
			remoteGlobalIDString = 74C122581E8E84A800F1A032;
			remoteInfo = snake_pch;
		};
		74C1227E1E8E84A800F1A032 /* PBXContainerItemProxy */ = {
			isa = PBXContainerItemProxy;
			containerPortal = 74C122511E8E84A800F1A032 /* Project object */;
			proxyType = 1;
			remoteGlobalIDString = 74C122581E8E84A800F1A032;
			remoteInfo = snake_pch;
		};
/* End PBXContainerItemProxy section */

/* Begin PBXFileReference section */
		0E8830C8EE4777FB2F04DA19 /* libPods-snake_pchTests.a */ = {isa = PBXFileReference; explicitFileType = archive.ar; includeInIndex = 0; path = "libPods-snake_pchTests.a"; sourceTree = BUILT_PRODUCTS_DIR; };
		16E15B68609220C545718021 /* Pods-snake_pchUITests.release.xcconfig */ = {isa = PBXFileReference; includeInIndex = 1; lastKnownFileType = text.xcconfig; name = "Pods-snake_pchUITests.release.xcconfig"; path = "Pods/Target Support Files/Pods-snake_pchUITests/Pods-snake_pchUITests.release.xcconfig"; sourceTree = "<group>"; };
		74C122591E8E84A800F1A032 /* snake_pch.app */ = {isa = PBXFileReference; explicitFileType = wrapper.application; includeInIndex = 0; path = snake_pch.app; sourceTree = BUILT_PRODUCTS_DIR; };
		74C1225D1E8E84A800F1A032 /* main.m */ = {isa = PBXFileReference; lastKnownFileType = sourcecode.c.objc; path = main.m; sourceTree = "<group>"; };
		74C1225F1E8E84A800F1A032 /* AppDelegate.h */ = {isa = PBXFileReference; lastKnownFileType = sourcecode.c.h; path = AppDelegate.h; sourceTree = "<group>"; };
		74C122601E8E84A800F1A032 /* AppDelegate.m */ = {isa = PBXFileReference; lastKnownFileType = sourcecode.c.objc; path = AppDelegate.m; sourceTree = "<group>"; };
		74C122661E8E84A800F1A032 /* Base */ = {isa = PBXFileReference; lastKnownFileType = file.storyboard; name = Base; path = Base.lproj/Main.storyboard; sourceTree = "<group>"; };
		74C122681E8E84A800F1A032 /* Assets.xcassets */ = {isa = PBXFileReference; lastKnownFileType = folder.assetcatalog; path = Assets.xcassets; sourceTree = "<group>"; };
		74C1226B1E8E84A800F1A032 /* Base */ = {isa = PBXFileReference; lastKnownFileType = file.storyboard; name = Base; path = Base.lproj/LaunchScreen.storyboard; sourceTree = "<group>"; };
		74C1226D1E8E84A800F1A032 /* Info.plist */ = {isa = PBXFileReference; lastKnownFileType = text.plist.xml; path = Info.plist; sourceTree = "<group>"; };
		74C122721E8E84A800F1A032 /* snake_pchTests.xctest */ = {isa = PBXFileReference; explicitFileType = wrapper.cfbundle; includeInIndex = 0; path = snake_pchTests.xctest; sourceTree = BUILT_PRODUCTS_DIR; };
		74C122761E8E84A800F1A032 /* snake_pchTests.m */ = {isa = PBXFileReference; lastKnownFileType = sourcecode.c.objc; path = snake_pchTests.m; sourceTree = "<group>"; };
		74C122781E8E84A800F1A032 /* Info.plist */ = {isa = PBXFileReference; lastKnownFileType = text.plist.xml; path = Info.plist; sourceTree = "<group>"; };
		74C1227D1E8E84A800F1A032 /* snake_pchUITests.xctest */ = {isa = PBXFileReference; explicitFileType = wrapper.cfbundle; includeInIndex = 0; path = snake_pchUITests.xctest; sourceTree = BUILT_PRODUCTS_DIR; };
		74C122811E8E84A800F1A032 /* snake_pchUITests.m */ = {isa = PBXFileReference; lastKnownFileType = sourcecode.c.objc; path = snake_pchUITests.m; sourceTree = "<group>"; };
		74C122831E8E84A800F1A032 /* Info.plist */ = {isa = PBXFileReference; lastKnownFileType = text.plist.xml; path = Info.plist; sourceTree = "<group>"; };
		74C122901E8E84E900F1A032 /* ViewController.h */ = {isa = PBXFileReference; fileEncoding = 4; lastKnownFileType = sourcecode.c.h; path = ViewController.h; sourceTree = "<group>"; };
		74C122911E8E84E900F1A032 /* ViewController.m */ = {isa = PBXFileReference; fileEncoding = 4; lastKnownFileType = sourcecode.c.objc; path = ViewController.m; sourceTree = "<group>"; };
		74C122931E8E84E900F1A032 /* GameConfig.h */ = {isa = PBXFileReference; fileEncoding = 4; lastKnownFileType = sourcecode.c.h; path = GameConfig.h; sourceTree = "<group>"; };
		74C122941E8E84E900F1A032 /* GameConfig.m */ = {isa = PBXFileReference; fileEncoding = 4; lastKnownFileType = sourcecode.c.objc; path = GameConfig.m; sourceTree = "<group>"; };
		74C122951E8E84E900F1A032 /* Snake.h */ = {isa = PBXFileReference; fileEncoding = 4; lastKnownFileType = sourcecode.c.h; path = Snake.h; sourceTree = "<group>"; };
		74C122961E8E84E900F1A032 /* Snake.m */ = {isa = PBXFileReference; fileEncoding = 4; lastKnownFileType = sourcecode.c.objc; path = Snake.m; sourceTree = "<group>"; };
		74C122971E8E84E900F1A032 /* ZXPoint.h */ = {isa = PBXFileReference; fileEncoding = 4; lastKnownFileType = sourcecode.c.h; path = ZXPoint.h; sourceTree = "<group>"; };
		74C122981E8E84E900F1A032 /* ZXPoint.m */ = {isa = PBXFileReference; fileEncoding = 4; lastKnownFileType = sourcecode.c.objc; path = ZXPoint.m; sourceTree = "<group>"; };
		74C1229A1E8E84E900F1A032 /* GamaPool.h */ = {isa = PBXFileReference; fileEncoding = 4; lastKnownFileType = sourcecode.c.h; path = GamaPool.h; sourceTree = "<group>"; };
		74C1229B1E8E84E900F1A032 /* GamaPool.m */ = {isa = PBXFileReference; fileEncoding = 4; lastKnownFileType = sourcecode.c.objc; path = GamaPool.m; sourceTree = "<group>"; };
		74C122A11E8E851500F1A032 /* PrefixHeader.pch */ = {isa = PBXFileReference; fileEncoding = 4; lastKnownFileType = sourcecode.c.h; path = PrefixHeader.pch; sourceTree = "<group>"; };
		74D719E11E9E4866000D29A5 /* GameStartView.h */ = {isa = PBXFileReference; fileEncoding = 4; lastKnownFileType = sourcecode.c.h; path = GameStartView.h; sourceTree = "<group>"; };
		74D719E21E9E4866000D29A5 /* GameStartView.m */ = {isa = PBXFileReference; fileEncoding = 4; lastKnownFileType = sourcecode.c.objc; path = GameStartView.m; sourceTree = "<group>"; };
		846073AF2BD9F7621FB6400E /* Pods-snake_pch.debug.xcconfig */ = {isa = PBXFileReference; includeInIndex = 1; lastKnownFileType = text.xcconfig; name = "Pods-snake_pch.debug.xcconfig"; path = "Pods/Target Support Files/Pods-snake_pch/Pods-snake_pch.debug.xcconfig"; sourceTree = "<group>"; };
		8FA8B6B38807ABCAA926C4F4 /* libPods-snake_pchUITests.a */ = {isa = PBXFileReference; explicitFileType = archive.ar; includeInIndex = 0; path = "libPods-snake_pchUITests.a"; sourceTree = BUILT_PRODUCTS_DIR; };
		9EA28303C61AF7804F12A2E0 /* Pods-snake_pchTests.release.xcconfig */ = {isa = PBXFileReference; includeInIndex = 1; lastKnownFileType = text.xcconfig; name = "Pods-snake_pchTests.release.xcconfig"; path = "Pods/Target Support Files/Pods-snake_pchTests/Pods-snake_pchTests.release.xcconfig"; sourceTree = "<group>"; };
		ABC435277DEB09DBBD736756 /* Pods-snake_pchTests.debug.xcconfig */ = {isa = PBXFileReference; includeInIndex = 1; lastKnownFileType = text.xcconfig; name = "Pods-snake_pchTests.debug.xcconfig"; path = "Pods/Target Support Files/Pods-snake_pchTests/Pods-snake_pchTests.debug.xcconfig"; sourceTree = "<group>"; };
		B1757261B885FEFB44C94850 /* Pods-snake_pchUITests.debug.xcconfig */ = {isa = PBXFileReference; includeInIndex = 1; lastKnownFileType = text.xcconfig; name = "Pods-snake_pchUITests.debug.xcconfig"; path = "Pods/Target Support Files/Pods-snake_pchUITests/Pods-snake_pchUITests.debug.xcconfig"; sourceTree = "<group>"; };
		F03ABEA1E781DE330CC6888B /* Pods-snake_pch.release.xcconfig */ = {isa = PBXFileReference; includeInIndex = 1; lastKnownFileType = text.xcconfig; name = "Pods-snake_pch.release.xcconfig"; path = "Pods/Target Support Files/Pods-snake_pch/Pods-snake_pch.release.xcconfig"; sourceTree = "<group>"; };
		FED9B058F85F74EDA657F15C /* libPods-snake_pch.a */ = {isa = PBXFileReference; explicitFileType = archive.ar; includeInIndex = 0; path = "libPods-snake_pch.a"; sourceTree = BUILT_PRODUCTS_DIR; };
/* End PBXFileReference section */

/* Begin PBXFrameworksBuildPhase section */
		74C122561E8E84A800F1A032 /* Frameworks */ = {
			isa = PBXFrameworksBuildPhase;
			buildActionMask = 2147483647;
			files = (
				633BB6552A911CE5B4BED70B /* libPods-snake_pch.a in Frameworks */,
			);
			runOnlyForDeploymentPostprocessing = 0;
		};
		74C1226F1E8E84A800F1A032 /* Frameworks */ = {
			isa = PBXFrameworksBuildPhase;
			buildActionMask = 2147483647;
			files = (
				99FB142C461C11CAA5B228EB /* libPods-snake_pchTests.a in Frameworks */,
			);
			runOnlyForDeploymentPostprocessing = 0;
		};
		74C1227A1E8E84A800F1A032 /* Frameworks */ = {
			isa = PBXFrameworksBuildPhase;
			buildActionMask = 2147483647;
			files = (
				55B542E84BADA3911DEB9F42 /* libPods-snake_pchUITests.a in Frameworks */,
			);
			runOnlyForDeploymentPostprocessing = 0;
		};
/* End PBXFrameworksBuildPhase section */

/* Begin PBXGroup section */
		1C15DE262BEC89901FE551B0 /* Frameworks */ = {
			isa = PBXGroup;
			children = (
				FED9B058F85F74EDA657F15C /* libPods-snake_pch.a */,
				0E8830C8EE4777FB2F04DA19 /* libPods-snake_pchTests.a */,
				8FA8B6B38807ABCAA926C4F4 /* libPods-snake_pchUITests.a */,
			);
			name = Frameworks;
			sourceTree = "<group>";
		};
		74C122501E8E84A800F1A032 = {
			isa = PBXGroup;
			children = (
				74C1225B1E8E84A800F1A032 /* snake_pch */,
				74C122751E8E84A800F1A032 /* snake_pchTests */,
				74C122801E8E84A800F1A032 /* snake_pchUITests */,
				74C1225A1E8E84A800F1A032 /* Products */,
				EF25BA9809D9719F8681588C /* Pods */,
				1C15DE262BEC89901FE551B0 /* Frameworks */,
			);
			sourceTree = "<group>";
		};
		74C1225A1E8E84A800F1A032 /* Products */ = {
			isa = PBXGroup;
			children = (
				74C122591E8E84A800F1A032 /* snake_pch.app */,
				74C122721E8E84A800F1A032 /* snake_pchTests.xctest */,
				74C1227D1E8E84A800F1A032 /* snake_pchUITests.xctest */,
			);
			name = Products;
			sourceTree = "<group>";
		};
		74C1225B1E8E84A800F1A032 /* snake_pch */ = {
			isa = PBXGroup;
			children = (
				74C1225F1E8E84A800F1A032 /* AppDelegate.h */,
				74C122601E8E84A800F1A032 /* AppDelegate.m */,
				74C122921E8E84E900F1A032 /* model */,
				74C1228F1E8E84E900F1A032 /* controller */,
				74C122991E8E84E900F1A032 /* view */,
				74C122A21E8E863D00F1A032 /* resource */,
				74C1225C1E8E84A800F1A032 /* Supporting Files */,
				74C122A11E8E851500F1A032 /* PrefixHeader.pch */,
			);
			path = snake_pch;
			sourceTree = "<group>";
		};
		74C1225C1E8E84A800F1A032 /* Supporting Files */ = {
			isa = PBXGroup;
			children = (
				74C1226D1E8E84A800F1A032 /* Info.plist */,
				74C1225D1E8E84A800F1A032 /* main.m */,
			);
			name = "Supporting Files";
			sourceTree = "<group>";
		};
		74C122751E8E84A800F1A032 /* snake_pchTests */ = {
			isa = PBXGroup;
			children = (
				74C122761E8E84A800F1A032 /* snake_pchTests.m */,
				74C122781E8E84A800F1A032 /* Info.plist */,
			);
			path = snake_pchTests;
			sourceTree = "<group>";
		};
		74C122801E8E84A800F1A032 /* snake_pchUITests */ = {
			isa = PBXGroup;
			children = (
				74C122811E8E84A800F1A032 /* snake_pchUITests.m */,
				74C122831E8E84A800F1A032 /* Info.plist */,
			);
			path = snake_pchUITests;
			sourceTree = "<group>";
		};
		74C1228F1E8E84E900F1A032 /* controller */ = {
			isa = PBXGroup;
			children = (
				74C122901E8E84E900F1A032 /* ViewController.h */,
				74C122911E8E84E900F1A032 /* ViewController.m */,
			);
			path = controller;
			sourceTree = "<group>";
		};
		74C122921E8E84E900F1A032 /* model */ = {
			isa = PBXGroup;
			children = (
				74C122931E8E84E900F1A032 /* GameConfig.h */,
				74C122941E8E84E900F1A032 /* GameConfig.m */,
				74C122951E8E84E900F1A032 /* Snake.h */,
				74C122961E8E84E900F1A032 /* Snake.m */,
				74C122971E8E84E900F1A032 /* ZXPoint.h */,
				74C122981E8E84E900F1A032 /* ZXPoint.m */,
			);
			path = model;
			sourceTree = "<group>";
		};
		74C122991E8E84E900F1A032 /* view */ = {
			isa = PBXGroup;
			children = (
				74C1229A1E8E84E900F1A032 /* GamaPool.h */,
				74C1229B1E8E84E900F1A032 /* GamaPool.m */,
				74D719E11E9E4866000D29A5 /* GameStartView.h */,
				74D719E21E9E4866000D29A5 /* GameStartView.m */,
			);
			path = view;
			sourceTree = "<group>";
		};
		74C122A21E8E863D00F1A032 /* resource */ = {
			isa = PBXGroup;
			children = (
				74C122651E8E84A800F1A032 /* Main.storyboard */,
				74C1226A1E8E84A800F1A032 /* LaunchScreen.storyboard */,
				74C122681E8E84A800F1A032 /* Assets.xcassets */,
			);
			name = resource;
			sourceTree = "<group>";
		};
		EF25BA9809D9719F8681588C /* Pods */ = {
			isa = PBXGroup;
			children = (
				846073AF2BD9F7621FB6400E /* Pods-snake_pch.debug.xcconfig */,
				F03ABEA1E781DE330CC6888B /* Pods-snake_pch.release.xcconfig */,
				ABC435277DEB09DBBD736756 /* Pods-snake_pchTests.debug.xcconfig */,
				9EA28303C61AF7804F12A2E0 /* Pods-snake_pchTests.release.xcconfig */,
				B1757261B885FEFB44C94850 /* Pods-snake_pchUITests.debug.xcconfig */,
				16E15B68609220C545718021 /* Pods-snake_pchUITests.release.xcconfig */,
			);
			name = Pods;
			sourceTree = "<group>";
		};
/* End PBXGroup section */

/* Begin PBXNativeTarget section */
		74C122581E8E84A800F1A032 /* snake_pch */ = {
			isa = PBXNativeTarget;
			buildConfigurationList = 74C122861E8E84A800F1A032 /* Build configuration list for PBXNativeTarget "snake_pch" */;
			buildPhases = (
				53AFFDA2A4A70F52FE7D51A6 /* [CP] Check Pods Manifest.lock */,
				74C122551E8E84A800F1A032 /* Sources */,
				74C122561E8E84A800F1A032 /* Frameworks */,
				74C122571E8E84A800F1A032 /* Resources */,
				D28F46CDAA0943AB51538B5B /* [CP] Embed Pods Frameworks */,
				8C21A8268E015912095D29FE /* [CP] Copy Pods Resources */,
			);
			buildRules = (
			);
			dependencies = (
			);
			name = snake_pch;
			productName = snake_pch;
			productReference = 74C122591E8E84A800F1A032 /* snake_pch.app */;
			productType = "com.apple.product-type.application";
		};
		74C122711E8E84A800F1A032 /* snake_pchTests */ = {
			isa = PBXNativeTarget;
			buildConfigurationList = 74C122891E8E84A800F1A032 /* Build configuration list for PBXNativeTarget "snake_pchTests" */;
			buildPhases = (
				5A67057678D4976AC2CB6EAF /* [CP] Check Pods Manifest.lock */,
				74C1226E1E8E84A800F1A032 /* Sources */,
				74C1226F1E8E84A800F1A032 /* Frameworks */,
				74C122701E8E84A800F1A032 /* Resources */,
				B0A4F2725FB6C4716B67CA7E /* [CP] Embed Pods Frameworks */,
				A168540628527AF00C921C12 /* [CP] Copy Pods Resources */,
			);
			buildRules = (
			);
			dependencies = (
				74C122741E8E84A800F1A032 /* PBXTargetDependency */,
			);
			name = snake_pchTests;
			productName = snake_pchTests;
			productReference = 74C122721E8E84A800F1A032 /* snake_pchTests.xctest */;
			productType = "com.apple.product-type.bundle.unit-test";
		};
		74C1227C1E8E84A800F1A032 /* snake_pchUITests */ = {
			isa = PBXNativeTarget;
			buildConfigurationList = 74C1228C1E8E84A800F1A032 /* Build configuration list for PBXNativeTarget "snake_pchUITests" */;
			buildPhases = (
				D5C53C78EB2136629077DC93 /* [CP] Check Pods Manifest.lock */,
				74C122791E8E84A800F1A032 /* Sources */,
				74C1227A1E8E84A800F1A032 /* Frameworks */,
				74C1227B1E8E84A800F1A032 /* Resources */,
				55427F1FF70697F8BFFA3D99 /* [CP] Embed Pods Frameworks */,
				3BEE80DD1BC6B7430A50D491 /* [CP] Copy Pods Resources */,
			);
			buildRules = (
			);
			dependencies = (
				74C1227F1E8E84A800F1A032 /* PBXTargetDependency */,
			);
			name = snake_pchUITests;
			productName = snake_pchUITests;
			productReference = 74C1227D1E8E84A800F1A032 /* snake_pchUITests.xctest */;
			productType = "com.apple.product-type.bundle.ui-testing";
		};
/* End PBXNativeTarget section */

/* Begin PBXProject section */
		74C122511E8E84A800F1A032 /* Project object */ = {
			isa = PBXProject;
			attributes = {
				LastUpgradeCheck = 0800;
				ORGANIZATIONNAME = lzx;
				TargetAttributes = {
					74C122581E8E84A800F1A032 = {
						CreatedOnToolsVersion = 8.0;
						DevelopmentTeam = RKR5JTQX88;
						ProvisioningStyle = Automatic;
					};
					74C122711E8E84A800F1A032 = {
						CreatedOnToolsVersion = 8.0;
						ProvisioningStyle = Automatic;
						TestTargetID = 74C122581E8E84A800F1A032;
					};
					74C1227C1E8E84A800F1A032 = {
						CreatedOnToolsVersion = 8.0;
						ProvisioningStyle = Automatic;
						TestTargetID = 74C122581E8E84A800F1A032;
					};
				};
			};
			buildConfigurationList = 74C122541E8E84A800F1A032 /* Build configuration list for PBXProject "snake_pch" */;
			compatibilityVersion = "Xcode 3.2";
			developmentRegion = English;
			hasScannedForEncodings = 0;
			knownRegions = (
				en,
				Base,
			);
			mainGroup = 74C122501E8E84A800F1A032;
			productRefGroup = 74C1225A1E8E84A800F1A032 /* Products */;
			projectDirPath = "";
			projectRoot = "";
			targets = (
				74C122581E8E84A800F1A032 /* snake_pch */,
				74C122711E8E84A800F1A032 /* snake_pchTests */,
				74C1227C1E8E84A800F1A032 /* snake_pchUITests */,
			);
		};
/* End PBXProject section */

/* Begin PBXResourcesBuildPhase section */
		74C122571E8E84A800F1A032 /* Resources */ = {
			isa = PBXResourcesBuildPhase;
			buildActionMask = 2147483647;
			files = (
				74C1226C1E8E84A800F1A032 /* LaunchScreen.storyboard in Resources */,
				74C122691E8E84A800F1A032 /* Assets.xcassets in Resources */,
				74C122671E8E84A800F1A032 /* Main.storyboard in Resources */,
			);
			runOnlyForDeploymentPostprocessing = 0;
		};
		74C122701E8E84A800F1A032 /* Resources */ = {
			isa = PBXResourcesBuildPhase;
			buildActionMask = 2147483647;
			files = (
			);
			runOnlyForDeploymentPostprocessing = 0;
		};
		74C1227B1E8E84A800F1A032 /* Resources */ = {
			isa = PBXResourcesBuildPhase;
			buildActionMask = 2147483647;
			files = (
			);
			runOnlyForDeploymentPostprocessing = 0;
		};
/* End PBXResourcesBuildPhase section */

/* Begin PBXShellScriptBuildPhase section */
		3BEE80DD1BC6B7430A50D491 /* [CP] Copy Pods Resources */ = {
			isa = PBXShellScriptBuildPhase;
			buildActionMask = 2147483647;
			files = (
			);
			inputPaths = (
			);
			name = "[CP] Copy Pods Resources";
			outputPaths = (
			);
			runOnlyForDeploymentPostprocessing = 0;
			shellPath = /bin/sh;
			shellScript = "\"${SRCROOT}/Pods/Target Support Files/Pods-snake_pchUITests/Pods-snake_pchUITests-resources.sh\"\n";
			showEnvVarsInLog = 0;
		};
		53AFFDA2A4A70F52FE7D51A6 /* [CP] Check Pods Manifest.lock */ = {
			isa = PBXShellScriptBuildPhase;
			buildActionMask = 2147483647;
			files = (
			);
			inputPaths = (
			);
			name = "[CP] Check Pods Manifest.lock";
			outputPaths = (
			);
			runOnlyForDeploymentPostprocessing = 0;
			shellPath = /bin/sh;
			shellScript = "diff \"${PODS_ROOT}/../Podfile.lock\" \"${PODS_ROOT}/Manifest.lock\" > /dev/null\nif [ $? != 0 ] ; then\n    # print error to STDERR\n    echo \"error: The sandbox is not in sync with the Podfile.lock. Run 'pod install' or update your CocoaPods installation.\" >&2\n    exit 1\nfi\n";
			showEnvVarsInLog = 0;
		};
		55427F1FF70697F8BFFA3D99 /* [CP] Embed Pods Frameworks */ = {
			isa = PBXShellScriptBuildPhase;
			buildActionMask = 2147483647;
			files = (
			);
			inputPaths = (
			);
			name = "[CP] Embed Pods Frameworks";
			outputPaths = (
			);
			runOnlyForDeploymentPostprocessing = 0;
			shellPath = /bin/sh;
			shellScript = "\"${SRCROOT}/Pods/Target Support Files/Pods-snake_pchUITests/Pods-snake_pchUITests-frameworks.sh\"\n";
			showEnvVarsInLog = 0;
		};
		5A67057678D4976AC2CB6EAF /* [CP] Check Pods Manifest.lock */ = {
			isa = PBXShellScriptBuildPhase;
			buildActionMask = 2147483647;
			files = (
			);
			inputPaths = (
			);
			name = "[CP] Check Pods Manifest.lock";
			outputPaths = (
			);
			runOnlyForDeploymentPostprocessing = 0;
			shellPath = /bin/sh;
			shellScript = "diff \"${PODS_ROOT}/../Podfile.lock\" \"${PODS_ROOT}/Manifest.lock\" > /dev/null\nif [ $? != 0 ] ; then\n    # print error to STDERR\n    echo \"error: The sandbox is not in sync with the Podfile.lock. Run 'pod install' or update your CocoaPods installation.\" >&2\n    exit 1\nfi\n";
			showEnvVarsInLog = 0;
		};
		8C21A8268E015912095D29FE /* [CP] Copy Pods Resources */ = {
			isa = PBXShellScriptBuildPhase;
			buildActionMask = 2147483647;
			files = (
			);
			inputPaths = (
			);
			name = "[CP] Copy Pods Resources";
			outputPaths = (
			);
			runOnlyForDeploymentPostprocessing = 0;
			shellPath = /bin/sh;
			shellScript = "\"${SRCROOT}/Pods/Target Support Files/Pods-snake_pch/Pods-snake_pch-resources.sh\"\n";
			showEnvVarsInLog = 0;
		};
		A168540628527AF00C921C12 /* [CP] Copy Pods Resources */ = {
			isa = PBXShellScriptBuildPhase;
			buildActionMask = 2147483647;
			files = (
			);
			inputPaths = (
			);
			name = "[CP] Copy Pods Resources";
			outputPaths = (
			);
			runOnlyForDeploymentPostprocessing = 0;
			shellPath = /bin/sh;
			shellScript = "\"${SRCROOT}/Pods/Target Support Files/Pods-snake_pchTests/Pods-snake_pchTests-resources.sh\"\n";
			showEnvVarsInLog = 0;
		};
		B0A4F2725FB6C4716B67CA7E /* [CP] Embed Pods Frameworks */ = {
			isa = PBXShellScriptBuildPhase;
			buildActionMask = 2147483647;
			files = (
			);
			inputPaths = (
			);
			name = "[CP] Embed Pods Frameworks";
			outputPaths = (
			);
			runOnlyForDeploymentPostprocessing = 0;
			shellPath = /bin/sh;
			shellScript = "\"${SRCROOT}/Pods/Target Support Files/Pods-snake_pchTests/Pods-snake_pchTests-frameworks.sh\"\n";
			showEnvVarsInLog = 0;
		};
		D28F46CDAA0943AB51538B5B /* [CP] Embed Pods Frameworks */ = {
			isa = PBXShellScriptBuildPhase;
			buildActionMask = 2147483647;
			files = (
			);
			inputPaths = (
			);
			name = "[CP] Embed Pods Frameworks";
			outputPaths = (
			);
			runOnlyForDeploymentPostprocessing = 0;
			shellPath = /bin/sh;
			shellScript = "\"${SRCROOT}/Pods/Target Support Files/Pods-snake_pch/Pods-snake_pch-frameworks.sh\"\n";
			showEnvVarsInLog = 0;
		};
		D5C53C78EB2136629077DC93 /* [CP] Check Pods Manifest.lock */ = {
			isa = PBXShellScriptBuildPhase;
			buildActionMask = 2147483647;
			files = (
			);
			inputPaths = (
			);
			name = "[CP] Check Pods Manifest.lock";
			outputPaths = (
			);
			runOnlyForDeploymentPostprocessing = 0;
			shellPath = /bin/sh;
			shellScript = "diff \"${PODS_ROOT}/../Podfile.lock\" \"${PODS_ROOT}/Manifest.lock\" > /dev/null\nif [ $? != 0 ] ; then\n    # print error to STDERR\n    echo \"error: The sandbox is not in sync with the Podfile.lock. Run 'pod install' or update your CocoaPods installation.\" >&2\n    exit 1\nfi\n";
			showEnvVarsInLog = 0;
		};
/* End PBXShellScriptBuildPhase section */

/* Begin PBXSourcesBuildPhase section */
		74C122551E8E84A800F1A032 /* Sources */ = {
			isa = PBXSourcesBuildPhase;
			buildActionMask = 2147483647;
			files = (
				74C1229F1E8E84E900F1A032 /* ZXPoint.m in Sources */,
				74C1229E1E8E84E900F1A032 /* Snake.m in Sources */,
				74C1229D1E8E84E900F1A032 /* GameConfig.m in Sources */,
				74C122611E8E84A800F1A032 /* AppDelegate.m in Sources */,
				74C122A01E8E84E900F1A032 /* GamaPool.m in Sources */,
				74D719E31E9E4866000D29A5 /* GameStartView.m in Sources */,
				74C1229C1E8E84E900F1A032 /* ViewController.m in Sources */,
				74C1225E1E8E84A800F1A032 /* main.m in Sources */,
			);
			runOnlyForDeploymentPostprocessing = 0;
		};
		74C1226E1E8E84A800F1A032 /* Sources */ = {
			isa = PBXSourcesBuildPhase;
			buildActionMask = 2147483647;
			files = (
				74C122771E8E84A800F1A032 /* snake_pchTests.m in Sources */,
			);
			runOnlyForDeploymentPostprocessing = 0;
		};
		74C122791E8E84A800F1A032 /* Sources */ = {
			isa = PBXSourcesBuildPhase;
			buildActionMask = 2147483647;
			files = (
				74C122821E8E84A800F1A032 /* snake_pchUITests.m in Sources */,
			);
			runOnlyForDeploymentPostprocessing = 0;
		};
/* End PBXSourcesBuildPhase section */

/* Begin PBXTargetDependency section */
		74C122741E8E84A800F1A032 /* PBXTargetDependency */ = {
			isa = PBXTargetDependency;
			target = 74C122581E8E84A800F1A032 /* snake_pch */;
			targetProxy = 74C122731E8E84A800F1A032 /* PBXContainerItemProxy */;
		};
		74C1227F1E8E84A800F1A032 /* PBXTargetDependency */ = {
			isa = PBXTargetDependency;
			target = 74C122581E8E84A800F1A032 /* snake_pch */;
			targetProxy = 74C1227E1E8E84A800F1A032 /* PBXContainerItemProxy */;
		};
/* End PBXTargetDependency section */

/* Begin PBXVariantGroup section */
		74C122651E8E84A800F1A032 /* Main.storyboard */ = {
			isa = PBXVariantGroup;
			children = (
				74C122661E8E84A800F1A032 /* Base */,
			);
			name = Main.storyboard;
			sourceTree = "<group>";
		};
		74C1226A1E8E84A800F1A032 /* LaunchScreen.storyboard */ = {
			isa = PBXVariantGroup;
			children = (
				74C1226B1E8E84A800F1A032 /* Base */,
			);
			name = LaunchScreen.storyboard;
			sourceTree = "<group>";
		};
/* End PBXVariantGroup section */

/* Begin XCBuildConfiguration section */
		74C122841E8E84A800F1A032 /* Debug */ = {
			isa = XCBuildConfiguration;
			buildSettings = {
				ALWAYS_SEARCH_USER_PATHS = NO;
				CLANG_ANALYZER_NONNULL = YES;
				CLANG_CXX_LANGUAGE_STANDARD = "gnu++0x";
				CLANG_CXX_LIBRARY = "libc++";
				CLANG_ENABLE_MODULES = YES;
				CLANG_ENABLE_OBJC_ARC = YES;
				CLANG_WARN_BOOL_CONVERSION = YES;
				CLANG_WARN_CONSTANT_CONVERSION = YES;
				CLANG_WARN_DIRECT_OBJC_ISA_USAGE = YES_ERROR;
				CLANG_WARN_DOCUMENTATION_COMMENTS = YES;
				CLANG_WARN_EMPTY_BODY = YES;
				CLANG_WARN_ENUM_CONVERSION = YES;
				CLANG_WARN_INFINITE_RECURSION = YES;
				CLANG_WARN_INT_CONVERSION = YES;
				CLANG_WARN_OBJC_ROOT_CLASS = YES_ERROR;
				CLANG_WARN_SUSPICIOUS_MOVES = YES;
				CLANG_WARN_UNREACHABLE_CODE = YES;
				CLANG_WARN__DUPLICATE_METHOD_MATCH = YES;
				"CODE_SIGN_IDENTITY[sdk=iphoneos*]" = "iPhone Developer";
				COPY_PHASE_STRIP = NO;
				DEBUG_INFORMATION_FORMAT = dwarf;
				ENABLE_STRICT_OBJC_MSGSEND = YES;
				ENABLE_TESTABILITY = YES;
				GCC_C_LANGUAGE_STANDARD = gnu99;
				GCC_DYNAMIC_NO_PIC = NO;
				GCC_NO_COMMON_BLOCKS = YES;
				GCC_OPTIMIZATION_LEVEL = 0;
				GCC_PREPROCESSOR_DEFINITIONS = (
					"DEBUG=1",
					"$(inherited)",
				);
				GCC_WARN_64_TO_32_BIT_CONVERSION = YES;
				GCC_WARN_ABOUT_RETURN_TYPE = YES_ERROR;
				GCC_WARN_UNDECLARED_SELECTOR = YES;
				GCC_WARN_UNINITIALIZED_AUTOS = YES_AGGRESSIVE;
				GCC_WARN_UNUSED_FUNCTION = YES;
				GCC_WARN_UNUSED_VARIABLE = YES;
				IPHONEOS_DEPLOYMENT_TARGET = 10.0;
				MTL_ENABLE_DEBUG_INFO = YES;
				ONLY_ACTIVE_ARCH = YES;
				SDKROOT = iphoneos;
				TARGETED_DEVICE_FAMILY = "1,2";
			};
			name = Debug;
		};
		74C122851E8E84A800F1A032 /* Release */ = {
			isa = XCBuildConfiguration;
			buildSettings = {
				ALWAYS_SEARCH_USER_PATHS = NO;
				CLANG_ANALYZER_NONNULL = YES;
				CLANG_CXX_LANGUAGE_STANDARD = "gnu++0x";
				CLANG_CXX_LIBRARY = "libc++";
				CLANG_ENABLE_MODULES = YES;
				CLANG_ENABLE_OBJC_ARC = YES;
				CLANG_WARN_BOOL_CONVERSION = YES;
				CLANG_WARN_CONSTANT_CONVERSION = YES;
				CLANG_WARN_DIRECT_OBJC_ISA_USAGE = YES_ERROR;
				CLANG_WARN_DOCUMENTATION_COMMENTS = YES;
				CLANG_WARN_EMPTY_BODY = YES;
				CLANG_WARN_ENUM_CONVERSION = YES;
				CLANG_WARN_INFINITE_RECURSION = YES;
				CLANG_WARN_INT_CONVERSION = YES;
				CLANG_WARN_OBJC_ROOT_CLASS = YES_ERROR;
				CLANG_WARN_SUSPICIOUS_MOVES = YES;
				CLANG_WARN_UNREACHABLE_CODE = YES;
				CLANG_WARN__DUPLICATE_METHOD_MATCH = YES;
				"CODE_SIGN_IDENTITY[sdk=iphoneos*]" = "iPhone Developer";
				COPY_PHASE_STRIP = NO;
				DEBUG_INFORMATION_FORMAT = "dwarf-with-dsym";
				ENABLE_NS_ASSERTIONS = NO;
				ENABLE_STRICT_OBJC_MSGSEND = YES;
				GCC_C_LANGUAGE_STANDARD = gnu99;
				GCC_NO_COMMON_BLOCKS = YES;
				GCC_WARN_64_TO_32_BIT_CONVERSION = YES;
				GCC_WARN_ABOUT_RETURN_TYPE = YES_ERROR;
				GCC_WARN_UNDECLARED_SELECTOR = YES;
				GCC_WARN_UNINITIALIZED_AUTOS = YES_AGGRESSIVE;
				GCC_WARN_UNUSED_FUNCTION = YES;
				GCC_WARN_UNUSED_VARIABLE = YES;
				IPHONEOS_DEPLOYMENT_TARGET = 10.0;
				MTL_ENABLE_DEBUG_INFO = NO;
				SDKROOT = iphoneos;
				TARGETED_DEVICE_FAMILY = "1,2";
				VALIDATE_PRODUCT = YES;
			};
			name = Release;
		};
		74C122871E8E84A800F1A032 /* Debug */ = {
			isa = XCBuildConfiguration;
			baseConfigurationReference = 846073AF2BD9F7621FB6400E /* Pods-snake_pch.debug.xcconfig */;
			buildSettings = {
				ASSETCATALOG_COMPILER_APPICON_NAME = AppIcon;
				DEVELOPMENT_TEAM = RKR5JTQX88;
				GCC_PREFIX_HEADER = /Users/lzx/Desktop/sd/main/pro/Snake/snake_pch/snake_pch/PrefixHeader.pch;
				INFOPLIST_FILE = snake_pch/Info.plist;
				LD_RUNPATH_SEARCH_PATHS = "$(inherited) @executable_path/Frameworks";
				PRODUCT_BUNDLE_IDENTIFIER = "com.pingan.snake-pch";
				PRODUCT_NAME = "$(TARGET_NAME)";
			};
			name = Debug;
		};
		74C122881E8E84A800F1A032 /* Release */ = {
			isa = XCBuildConfiguration;
			baseConfigurationReference = F03ABEA1E781DE330CC6888B /* Pods-snake_pch.release.xcconfig */;
			buildSettings = {
				ASSETCATALOG_COMPILER_APPICON_NAME = AppIcon;
				DEVELOPMENT_TEAM = RKR5JTQX88;
				GCC_PREFIX_HEADER = /Users/lzx/Desktop/sd/main/pro/Snake/snake_pch/snake_pch/PrefixHeader.pch;
				INFOPLIST_FILE = snake_pch/Info.plist;
				LD_RUNPATH_SEARCH_PATHS = "$(inherited) @executable_path/Frameworks";
				PRODUCT_BUNDLE_IDENTIFIER = "com.pingan.snake-pch";
				PRODUCT_NAME = "$(TARGET_NAME)";
			};
			name = Release;
		};
		74C1228A1E8E84A800F1A032 /* Debug */ = {
			isa = XCBuildConfiguration;
			baseConfigurationReference = ABC435277DEB09DBBD736756 /* Pods-snake_pchTests.debug.xcconfig */;
			buildSettings = {
				BUNDLE_LOADER = "$(TEST_HOST)";
				INFOPLIST_FILE = snake_pchTests/Info.plist;
				LD_RUNPATH_SEARCH_PATHS = "$(inherited) @executable_path/Frameworks @loader_path/Frameworks";
				PRODUCT_BUNDLE_IDENTIFIER = "com.pingan.snake-pchTests";
				PRODUCT_NAME = "$(TARGET_NAME)";
				TEST_HOST = "$(BUILT_PRODUCTS_DIR)/snake_pch.app/snake_pch";
			};
			name = Debug;
		};
		74C1228B1E8E84A800F1A032 /* Release */ = {
			isa = XCBuildConfiguration;
			baseConfigurationReference = 9EA28303C61AF7804F12A2E0 /* Pods-snake_pchTests.release.xcconfig */;
			buildSettings = {
				BUNDLE_LOADER = "$(TEST_HOST)";
				INFOPLIST_FILE = snake_pchTests/Info.plist;
				LD_RUNPATH_SEARCH_PATHS = "$(inherited) @executable_path/Frameworks @loader_path/Frameworks";
				PRODUCT_BUNDLE_IDENTIFIER = "com.pingan.snake-pchTests";
				PRODUCT_NAME = "$(TARGET_NAME)";
				TEST_HOST = "$(BUILT_PRODUCTS_DIR)/snake_pch.app/snake_pch";
			};
			name = Release;
		};
		74C1228D1E8E84A800F1A032 /* Debug */ = {
			isa = XCBuildConfiguration;
			baseConfigurationReference = B1757261B885FEFB44C94850 /* Pods-snake_pchUITests.debug.xcconfig */;
			buildSettings = {
				INFOPLIST_FILE = snake_pchUITests/Info.plist;
				LD_RUNPATH_SEARCH_PATHS = "$(inherited) @executable_path/Frameworks @loader_path/Frameworks";
				PRODUCT_BUNDLE_IDENTIFIER = "com.pingan.snake-pchUITests";
				PRODUCT_NAME = "$(TARGET_NAME)";
				TEST_TARGET_NAME = snake_pch;
			};
			name = Debug;
		};
		74C1228E1E8E84A800F1A032 /* Release */ = {
			isa = XCBuildConfiguration;
			baseConfigurationReference = 16E15B68609220C545718021 /* Pods-snake_pchUITests.release.xcconfig */;
			buildSettings = {
				INFOPLIST_FILE = snake_pchUITests/Info.plist;
				LD_RUNPATH_SEARCH_PATHS = "$(inherited) @executable_path/Frameworks @loader_path/Frameworks";
				PRODUCT_BUNDLE_IDENTIFIER = "com.pingan.snake-pchUITests";
				PRODUCT_NAME = "$(TARGET_NAME)";
				TEST_TARGET_NAME = snake_pch;
			};
			name = Release;
		};
/* End XCBuildConfiguration section */

/* Begin XCConfigurationList section */
		74C122541E8E84A800F1A032 /* Build configuration list for PBXProject "snake_pch" */ = {
			isa = XCConfigurationList;
			buildConfigurations = (
				74C122841E8E84A800F1A032 /* Debug */,
				74C122851E8E84A800F1A032 /* Release */,
			);
			defaultConfigurationIsVisible = 0;
			defaultConfigurationName = Release;
		};
		74C122861E8E84A800F1A032 /* Build configuration list for PBXNativeTarget "snake_pch" */ = {
			isa = XCConfigurationList;
			buildConfigurations = (
				74C122871E8E84A800F1A032 /* Debug */,
				74C122881E8E84A800F1A032 /* Release */,
			);
			defaultConfigurationIsVisible = 0;
			defaultConfigurationName = Release;
		};
		74C122891E8E84A800F1A032 /* Build configuration list for PBXNativeTarget "snake_pchTests" */ = {
			isa = XCConfigurationList;
			buildConfigurations = (
				74C1228A1E8E84A800F1A032 /* Debug */,
				74C1228B1E8E84A800F1A032 /* Release */,
			);
			defaultConfigurationIsVisible = 0;
			defaultConfigurationName = Release;
		};
		74C1228C1E8E84A800F1A032 /* Build configuration list for PBXNativeTarget "snake_pchUITests" */ = {
			isa = XCConfigurationList;
			buildConfigurations = (
				74C1228D1E8E84A800F1A032 /* Debug */,
				74C1228E1E8E84A800F1A032 /* Release */,
			);
			defaultConfigurationIsVisible = 0;
			defaultConfigurationName = Release;
		};
/* End XCConfigurationList section */
	};
	rootObject = 74C122511E8E84A800F1A032 /* Project object */;
}
